Microsoft Visual Studio Solution File, Format Version 12.00
# Visual Studio Version 17
VisualStudioVersion = 17.7.34221.43
MinimumVisualStudioVersion = 10.0.40219.1
Project("{9A19103F-16F7-4668-BE54-9A1E7A4F7556}") = "AF0E.Functions", "AF0E.Functions\AF0E.Functions.csproj", "{853E3E9D-DA67-4EA2-883B-E2086FF76BBB}"
EndProject
Project("{2150E333-8FDC-42A3-9474-1A3956D46DE8}") = "Solution Items", "Solution Items", "{B99FC6B7-48C0-4DE4-8E90-2A04440B9969}"
	ProjectSection(SolutionItems) = preProject
		.editorconfig = .editorconfig
		Directory.Build.props = Directory.Build.props
		Requests.http = Requests.http
		Directory.Packages.props = Directory.Packages.props
	EndProjectSection
EndProject
Project("{9A19103F-16F7-4668-BE54-9A1E7A4F7556}") = "DX.Api", "AF0E.WebApi\DX\DX.Api.csproj", "{A7D910CB-8B9F-49A5-8F1C-8E3178AD44EA}"
EndProject
Project("{9A19103F-16F7-4668-BE54-9A1E7A4F7556}") = "AF0E.Common", "AF0E.Common\AF0E.Common.csproj", "{5857ECEF-071C-436E-B0B2-D5F46AFB631E}"
EndProject
Project("{9A19103F-16F7-4668-BE54-9A1E7A4F7556}") = "HrdDxFilter", "AF0E.App\HrdDxFilter\HrdDxFilter.csproj", "{9CE86FCD-CE3D-4FF2-A567-80B64C2467BB}"
EndProject
Project("{2150E333-8FDC-42A3-9474-1A3956D46DE8}") = "App", "App", "{029FCE95-6DAF-4679-84F2-F53DA4546FF2}"
EndProject
Project("{9A19103F-16F7-4668-BE54-9A1E7A4F7556}") = "HamMarket", "AF0E.App\HamMarket\HamMarket.csproj", "{FE9B05EC-4D45-4AA7-BF85-358A08B164C1}"
EndProject
Project("{FAE04EC0-301F-11D3-BF4B-00C04F79EFBC}") = "N1MM-Lookup", "AF0E.App\N1MM-Lookup\N1MM-Lookup.csproj", "{828B1B96-1F1C-40D6-9CA4-798739C5C48E}"
EndProject
Project("{2150E333-8FDC-42A3-9474-1A3956D46DE8}") = "Web.Api", "Web.Api", "{BFA235BD-86F4-4019-989D-1F4B99C326B6}"
EndProject
Project("{FAE04EC0-301F-11D3-BF4B-00C04F79EFBC}") = "Logbook.Api", "AF0E.WebApi\Logbook\Logbook.Api\Logbook.Api.csproj", "{845F1FE2-E829-4EC8-9CA8-CFC160693B35}"
EndProject
Project("{FAE04EC0-301F-11D3-BF4B-00C04F79EFBC}") = "QslLabel", "AF0E.App\QslLabel\QslLabel.csproj", "{869B1488-6205-468D-8B01-B5367892DB1A}"
EndProject
Project("{FAE04EC0-301F-11D3-BF4B-00C04F79EFBC}") = "QrzLookup", "AF0E.App\QrzLookup\QrzLookup.csproj", "{FB353473-5715-468B-83D8-030D9834CF1A}"
EndProject
Project("{FAE04EC0-301F-11D3-BF4B-00C04F79EFBC}") = "AF0E.DB", "AF0E.DB\AF0E.DB.csproj", "{E30473B7-07A9-4E5E-B81E-201E11CCC21E}"
EndProject
Project("{FAE04EC0-301F-11D3-BF4B-00C04F79EFBC}") = "PotaLookup", "AF0E.App\PotaLookup\PotaLookup.csproj", "{D6982F8B-54E9-41D1-A279-4B16FA41177A}"
EndProject
Project("{2150E333-8FDC-42A3-9474-1A3956D46DE8}") = "ETL", "ETL", "{2E9D9A14-8EEC-4509-A1E3-A12024D47CC6}"
EndProject
Project("{C9674DCB-5085-4A16-B785-4C70DD1589BD}") = "POTA parks import", "AF0E.ETL\POTA parks import\POTA parks import.dtproj", "{5254341C-E988-4A56-AD0F-1A3269D29C10}"
EndProject
Project("{FAE04EC0-301F-11D3-BF4B-00C04F79EFBC}") = "PotaHuntingLookup", "AF0E.App\PotaHuntingLookup\PotaHuntingLookup.csproj", "{28FB5F3B-259A-42DF-B38F-410EE82D71B9}"
EndProject
Global
	GlobalSection(SolutionConfigurationPlatforms) = preSolution
		Debug|Any CPU = Debug|Any CPU
		Development|Any CPU = Development|Any CPU
		Release|Any CPU = Release|Any CPU
	EndGlobalSection
	GlobalSection(ProjectConfigurationPlatforms) = postSolution
		{853E3E9D-DA67-4EA2-883B-E2086FF76BBB}.Debug|Any CPU.ActiveCfg = Debug|Any CPU
		{853E3E9D-DA67-4EA2-883B-E2086FF76BBB}.Debug|Any CPU.Build.0 = Debug|Any CPU
		{853E3E9D-DA67-4EA2-883B-E2086FF76BBB}.Development|Any CPU.ActiveCfg = Debug|Any CPU
		{853E3E9D-DA67-4EA2-883B-E2086FF76BBB}.Development|Any CPU.Build.0 = Debug|Any CPU
		{853E3E9D-DA67-4EA2-883B-E2086FF76BBB}.Release|Any CPU.ActiveCfg = Release|Any CPU
		{853E3E9D-DA67-4EA2-883B-E2086FF76BBB}.Release|Any CPU.Build.0 = Release|Any CPU
		{A7D910CB-8B9F-49A5-8F1C-8E3178AD44EA}.Debug|Any CPU.ActiveCfg = Debug|Any CPU
		{A7D910CB-8B9F-49A5-8F1C-8E3178AD44EA}.Debug|Any CPU.Build.0 = Debug|Any CPU
		{A7D910CB-8B9F-49A5-8F1C-8E3178AD44EA}.Development|Any CPU.ActiveCfg = Debug|Any CPU
		{A7D910CB-8B9F-49A5-8F1C-8E3178AD44EA}.Development|Any CPU.Build.0 = Debug|Any CPU
		{A7D910CB-8B9F-49A5-8F1C-8E3178AD44EA}.Release|Any CPU.ActiveCfg = Release|Any CPU
		{A7D910CB-8B9F-49A5-8F1C-8E3178AD44EA}.Release|Any CPU.Build.0 = Release|Any CPU
		{5857ECEF-071C-436E-B0B2-D5F46AFB631E}.Debug|Any CPU.ActiveCfg = Debug|Any CPU
		{5857ECEF-071C-436E-B0B2-D5F46AFB631E}.Debug|Any CPU.Build.0 = Debug|Any CPU
		{5857ECEF-071C-436E-B0B2-D5F46AFB631E}.Development|Any CPU.ActiveCfg = Debug|Any CPU
		{5857ECEF-071C-436E-B0B2-D5F46AFB631E}.Development|Any CPU.Build.0 = Debug|Any CPU
		{5857ECEF-071C-436E-B0B2-D5F46AFB631E}.Release|Any CPU.ActiveCfg = Release|Any CPU
		{5857ECEF-071C-436E-B0B2-D5F46AFB631E}.Release|Any CPU.Build.0 = Release|Any CPU
		{9CE86FCD-CE3D-4FF2-A567-80B64C2467BB}.Debug|Any CPU.ActiveCfg = Debug|Any CPU
		{9CE86FCD-CE3D-4FF2-A567-80B64C2467BB}.Debug|Any CPU.Build.0 = Debug|Any CPU
		{9CE86FCD-CE3D-4FF2-A567-80B64C2467BB}.Development|Any CPU.ActiveCfg = Debug|Any CPU
		{9CE86FCD-CE3D-4FF2-A567-80B64C2467BB}.Development|Any CPU.Build.0 = Debug|Any CPU
		{9CE86FCD-CE3D-4FF2-A567-80B64C2467BB}.Release|Any CPU.ActiveCfg = Release|Any CPU
		{9CE86FCD-CE3D-4FF2-A567-80B64C2467BB}.Release|Any CPU.Build.0 = Release|Any CPU
		{FE9B05EC-4D45-4AA7-BF85-358A08B164C1}.Debug|Any CPU.ActiveCfg = Debug|Any CPU
		{FE9B05EC-4D45-4AA7-BF85-358A08B164C1}.Debug|Any CPU.Build.0 = Debug|Any CPU
		{FE9B05EC-4D45-4AA7-BF85-358A08B164C1}.Development|Any CPU.ActiveCfg = Debug|Any CPU
		{FE9B05EC-4D45-4AA7-BF85-358A08B164C1}.Development|Any CPU.Build.0 = Debug|Any CPU
		{FE9B05EC-4D45-4AA7-BF85-358A08B164C1}.Release|Any CPU.ActiveCfg = Release|Any CPU
		{FE9B05EC-4D45-4AA7-BF85-358A08B164C1}.Release|Any CPU.Build.0 = Release|Any CPU
		{828B1B96-1F1C-40D6-9CA4-798739C5C48E}.Debug|Any CPU.ActiveCfg = Debug|Any CPU
		{828B1B96-1F1C-40D6-9CA4-798739C5C48E}.Debug|Any CPU.Build.0 = Debug|Any CPU
		{828B1B96-1F1C-40D6-9CA4-798739C5C48E}.Development|Any CPU.ActiveCfg = Debug|Any CPU
		{828B1B96-1F1C-40D6-9CA4-798739C5C48E}.Development|Any CPU.Build.0 = Debug|Any CPU
		{828B1B96-1F1C-40D6-9CA4-798739C5C48E}.Release|Any CPU.ActiveCfg = Release|Any CPU
		{828B1B96-1F1C-40D6-9CA4-798739C5C48E}.Release|Any CPU.Build.0 = Release|Any CPU
		{845F1FE2-E829-4EC8-9CA8-CFC160693B35}.Debug|Any CPU.ActiveCfg = Debug|Any CPU
		{845F1FE2-E829-4EC8-9CA8-CFC160693B35}.Debug|Any CPU.Build.0 = Debug|Any CPU
		{845F1FE2-E829-4EC8-9CA8-CFC160693B35}.Development|Any CPU.ActiveCfg = Debug|Any CPU
		{845F1FE2-E829-4EC8-9CA8-CFC160693B35}.Development|Any CPU.Build.0 = Debug|Any CPU
		{845F1FE2-E829-4EC8-9CA8-CFC160693B35}.Release|Any CPU.ActiveCfg = Release|Any CPU
		{845F1FE2-E829-4EC8-9CA8-CFC160693B35}.Release|Any CPU.Build.0 = Release|Any CPU
		{869B1488-6205-468D-8B01-B5367892DB1A}.Debug|Any CPU.ActiveCfg = Debug|Any CPU
		{869B1488-6205-468D-8B01-B5367892DB1A}.Debug|Any CPU.Build.0 = Debug|Any CPU
		{869B1488-6205-468D-8B01-B5367892DB1A}.Development|Any CPU.ActiveCfg = Debug|Any CPU
		{869B1488-6205-468D-8B01-B5367892DB1A}.Development|Any CPU.Build.0 = Debug|Any CPU
		{869B1488-6205-468D-8B01-B5367892DB1A}.Release|Any CPU.ActiveCfg = Release|Any CPU
		{869B1488-6205-468D-8B01-B5367892DB1A}.Release|Any CPU.Build.0 = Release|Any CPU
		{FB353473-5715-468B-83D8-030D9834CF1A}.Debug|Any CPU.ActiveCfg = Debug|Any CPU
		{FB353473-5715-468B-83D8-030D9834CF1A}.Debug|Any CPU.Build.0 = Debug|Any CPU
		{FB353473-5715-468B-83D8-030D9834CF1A}.Development|Any CPU.ActiveCfg = Debug|Any CPU
		{FB353473-5715-468B-83D8-030D9834CF1A}.Development|Any CPU.Build.0 = Debug|Any CPU
		{FB353473-5715-468B-83D8-030D9834CF1A}.Release|Any CPU.ActiveCfg = Release|Any CPU
		{FB353473-5715-468B-83D8-030D9834CF1A}.Release|Any CPU.Build.0 = Release|Any CPU
		{E30473B7-07A9-4E5E-B81E-201E11CCC21E}.Debug|Any CPU.ActiveCfg = Debug|Any CPU
		{E30473B7-07A9-4E5E-B81E-201E11CCC21E}.Debug|Any CPU.Build.0 = Debug|Any CPU
		{E30473B7-07A9-4E5E-B81E-201E11CCC21E}.Development|Any CPU.ActiveCfg = Debug|Any CPU
		{E30473B7-07A9-4E5E-B81E-201E11CCC21E}.Development|Any CPU.Build.0 = Debug|Any CPU
		{E30473B7-07A9-4E5E-B81E-201E11CCC21E}.Release|Any CPU.ActiveCfg = Release|Any CPU
		{E30473B7-07A9-4E5E-B81E-201E11CCC21E}.Release|Any CPU.Build.0 = Release|Any CPU
		{D6982F8B-54E9-41D1-A279-4B16FA41177A}.Debug|Any CPU.ActiveCfg = Debug|Any CPU
		{D6982F8B-54E9-41D1-A279-4B16FA41177A}.Debug|Any CPU.Build.0 = Debug|Any CPU
		{D6982F8B-54E9-41D1-A279-4B16FA41177A}.Development|Any CPU.ActiveCfg = Debug|Any CPU
		{D6982F8B-54E9-41D1-A279-4B16FA41177A}.Development|Any CPU.Build.0 = Debug|Any CPU
		{D6982F8B-54E9-41D1-A279-4B16FA41177A}.Release|Any CPU.ActiveCfg = Release|Any CPU
		{D6982F8B-54E9-41D1-A279-4B16FA41177A}.Release|Any CPU.Build.0 = Release|Any CPU
		{5254341C-E988-4A56-AD0F-1A3269D29C10}.Debug|Any CPU.ActiveCfg = Development
		{5254341C-E988-4A56-AD0F-1A3269D29C10}.Debug|Any CPU.Build.0 = Development
		{5254341C-E988-4A56-AD0F-1A3269D29C10}.Development|Any CPU.ActiveCfg = Development
		{5254341C-E988-4A56-AD0F-1A3269D29C10}.Development|Any CPU.Build.0 = Development
		{5254341C-E988-4A56-AD0F-1A3269D29C10}.Release|Any CPU.ActiveCfg = Development
		{5254341C-E988-4A56-AD0F-1A3269D29C10}.Release|Any CPU.Build.0 = Development
		{28FB5F3B-259A-42DF-B38F-410EE82D71B9}.Debug|Any CPU.ActiveCfg = Debug|Any CPU
		{28FB5F3B-259A-42DF-B38F-410EE82D71B9}.Debug|Any CPU.Build.0 = Debug|Any CPU
		{28FB5F3B-259A-42DF-B38F-410EE82D71B9}.Development|Any CPU.ActiveCfg = Debug|Any CPU
		{28FB5F3B-259A-42DF-B38F-410EE82D71B9}.Development|Any CPU.Build.0 = Debug|Any CPU
		{28FB5F3B-259A-42DF-B38F-410EE82D71B9}.Release|Any CPU.ActiveCfg = Release|Any CPU
		{28FB5F3B-259A-42DF-B38F-410EE82D71B9}.Release|Any CPU.Build.0 = Release|Any CPU
	EndGlobalSection
	GlobalSection(SolutionProperties) = preSolution
		HideSolutionNode = FALSE
	EndGlobalSection
	GlobalSection(NestedProjects) = preSolution
		{A7D910CB-8B9F-49A5-8F1C-8E3178AD44EA} = {BFA235BD-86F4-4019-989D-1F4B99C326B6}
		{9CE86FCD-CE3D-4FF2-A567-80B64C2467BB} = {029FCE95-6DAF-4679-84F2-F53DA4546FF2}
		{FE9B05EC-4D45-4AA7-BF85-358A08B164C1} = {029FCE95-6DAF-4679-84F2-F53DA4546FF2}
		{828B1B96-1F1C-40D6-9CA4-798739C5C48E} = {029FCE95-6DAF-4679-84F2-F53DA4546FF2}
		{845F1FE2-E829-4EC8-9CA8-CFC160693B35} = {BFA235BD-86F4-4019-989D-1F4B99C326B6}
		{869B1488-6205-468D-8B01-B5367892DB1A} = {029FCE95-6DAF-4679-84F2-F53DA4546FF2}
		{FB353473-5715-468B-83D8-030D9834CF1A} = {029FCE95-6DAF-4679-84F2-F53DA4546FF2}
		{D6982F8B-54E9-41D1-A279-4B16FA41177A} = {029FCE95-6DAF-4679-84F2-F53DA4546FF2}
		{5254341C-E988-4A56-AD0F-1A3269D29C10} = {2E9D9A14-8EEC-4509-A1E3-A12024D47CC6}
		{28FB5F3B-259A-42DF-B38F-410EE82D71B9} = {029FCE95-6DAF-4679-84F2-F53DA4546FF2}
	EndGlobalSection
	GlobalSection(ExtensibilityGlobals) = postSolution
		SolutionGuid = {0D788AA1-DC58-4331-BE46-D2F849F5C33E}
	EndGlobalSection
EndGlobal
